
Microsoft Visual Studio Solution File, Format Version 12.00
# Visual Studio Version 16
VisualStudioVersion = 16.0.29503.13
MinimumVisualStudioVersion = 10.0.40219.1
Project("{FAE04EC0-301F-11D3-BF4B-00C04F79EFBC}") = "EasyInjectCore", "EasyInjectCore\EasyInjectCore.csproj", "{1B3B9A83-E917-47C3-AAE9-B80E639216AB}"
EndProject
Global
	GlobalSection(SolutionConfigurationPlatforms) = preSolution
		Debug|Any CPU = Debug|Any CPU
		Release|Any CPU = Release|Any CPU
	EndGlobalSection
	GlobalSection(ProjectConfigurationPlatforms) = postSolution
		{1B3B9A83-E917-47C3-AAE9-B80E639216AB}.Debug|Any CPU.ActiveCfg = Debug|Any CPU
		{1B3B9A83-E917-47C3-AAE9-B80E639216AB}.Debug|Any CPU.Build.0 = Debug|Any CPU
		{1B3B9A83-E917-47C3-AAE9-B80E639216AB}.Release|Any CPU.ActiveCfg = Release|Any CPU
		{1B3B9A83-E917-47C3-AAE9-B80E639216AB}.Release|Any CPU.Build.0 = Release|Any CPU
	EndGlobalSection
	GlobalSection(SolutionProperties) = preSolution
		HideSolutionNode = FALSE
	EndGlobalSection
	GlobalSection(ExtensibilityGlobals) = postSolution
		SolutionGuid = {446DA122-22AA-4751-AB8F-41DA4D4E4D6C}
	EndGlobalSection
EndGlobal
